{
  "version": 4,
  "terraform_version": "1.14.3",
  "serial": 4,
  "lineage": "9cf1a294-0a96-fa3b-7a9f-bd0a196a60a4",
  "outputs": {},
  "resources": [
    {
      "mode": "managed",
      "type": "local_file",
      "name": "hello",
      "provider": "provider[\"registry.terraform.io/hashicorp/local\"]",
      "instances": [
        {
          "schema_version": 0,
          "attributes": {
            "content": "hello terraform v2",
            "content_base64": null,
            "content_base64sha256": "Y7JKlH9NG6l7d8gsXBQcCh6/z5qRxkW7PWFD+S84Hew=",
            "content_base64sha512": "3eblhgbL2g+Mz/i8dSjRF6++rt+4PLueOfn/T5JTtHfeNQtsJLW9nzM8BqIybcKoxVNv3NTkKht/Toc2WtfTMg==",
            "content_md5": "42778a4f8e1df2ded4d04f453e2ebea1",
            "content_sha1": "8c6f1af11a7f3d3d5b028636116c66e1da317d3e",
            "content_sha256": "63b24a947f4d1ba97b77c82c5c141c0a1ebfcf9a91c645bb3d6143f92f381dec",
            "content_sha512": "dde6e58606cbda0f8ccff8bc7528d117afbeaedfb83cbb9e39f9ff4f9253b477de350b6c24b5bd9f333c06a2326dc2a8c5536fdcd4e42a1b7f4e87365ad7d332",
            "directory_permission": "0777",
            "file_permission": "0777",
            "filename": "hello.txt",
            "id": "8c6f1af11a7f3d3d5b028636116c66e1da317d3e",
            "sensitive_content": null,
            "source": null
          },
          "sensitive_attributes": [
            [
              {
                "type": "get_attr",
                "value": "sensitive_content"
              }
            ]
          ],
          "identity_schema_version": 0
        }
      ]
    }
  ],
  "check_results": null
}
